lockfileVersion: '9.0'

settings:
  autoInstallPeers: true
  excludeLinksFromLockfile: false

importers:

  .:
    devDependencies:
      '@foundry-rs/anvil':
        specifier: 1.7.1
        version: 1.7.1
      playwright:
        specifier: 1.62.1
        version: 1.62.1

packages:

  '@foundry-rs/anvil-darwin-amd64@1.7.1':
    resolution: {integrity: sha512-OgwzwY+FsGrsPyDv4mmbhOwARO8s37YHrm2qaNzgSH4VlKnXgJCrnoT7bpgOhLyBPtxXjBT8L2E3b79deesXRg==}
    engines: {node: '>=20'}
    cpu: [x64]
    os: [darwin]
    hasBin: true

  '@foundry-rs/anvil-darwin-arm64@1.7.1':
    resolution: {integrity: sha512-JNeu3+A3f/npXLn8SR8EahVcqE7BpO9VQZMcPvSIy27/RNc1GsoEBvSLR99aSvt8sGKWAgNg/EzrtjAPq6mxcA==}
    engines: {node: '>=20'}
    cpu: [arm64]
    os: [darwin]
    hasBin: true

  '@foundry-rs/anvil-linux-amd64@1.7.1':
    resolution: {integrity: sha512-+XmShybEaxfCrr0OUUZwYEy2OnYZt5pHH9TzBtLv3+VrK0O/ANuNSVEahqNhKHlgX7GRJ59383ofNhxkRWIYTg==}
    engines: {node: '>=20'}
    cpu: [x64]
    os: [linux]
    hasBin: true

  '@foundry-rs/anvil-linux-arm64@1.7.1':
    resolution: {integrity: sha512-ykHJmFOGdBR8+9smOKBm9ZZDCCCkLQctiHOAddLvmYx9mPeBDMfq6jP51hKYsO5MG8ClPLSlWe+JpiXPjoXgBQ==}
    engines: {node: '>=20'}
    cpu: [arm64]
    os: [linux]
    hasBin: true

  '@foundry-rs/anvil-win32-amd64@1.7.1':
    resolution: {integrity: sha512-IeuBcmQ+AQKUxXA77czSVIfpST+KLBdXaL71JlK/h6e0DoP2CYnmVZn8WE/fuQfjAU2zaWw7PDXmq1kedbIUGA==}
    engines: {node: '>=20'}
    cpu: [x64]
    os: [win32]
    hasBin: true

  '@foundry-rs/anvil@1.7.1':
    resolution: {integrity: sha512-rcy+hu8e90DNizfh5WpbJjMiadgDBtV3JHe2M6OsdmIzoDH77Gk0sVgNxr7LnBiKpkzt6pV2XEOI7XMXmJo1Kg==}
    hasBin: true

  fsevents@2.3.2:
    resolution: {integrity: sha512-xiqMQR4xAeHTuB9uWm+fFRcIOgKBMiOBP+eXiyT7jsgVCq1bkVygt00oASowB7EdtpOHaaPgKt812P9ab+DDKA==}
    engines: {node: ^8.16.0 || ^10.6.0 || >=11.0.0}
    os: [darwin]

  playwright-core@1.62.1:
    resolution: {integrity: sha512-wPYSwEBJY9GHraISXqyqtx0na0LpO3XEX7jNDhntbex7tzUS7kLnZsOlFruFJB4Hi/rhDMjXGqHewDZ68nYZVw==}
    engines: {node: '>=20'}
    hasBin: true

  playwright@1.62.1:
    resolution: {integrity: sha512-0M+L3LAD8/nm554LOla9Ayx0j0tmFZ0FBcoQ7F1VuVHpM/XpiC8RcDzBQB8W5+hA8L22THxELzeF+2WcUzvcLg==}
    engines: {node: '>=20'}
    hasBin: true

snapshots:

  '@foundry-rs/anvil-darwin-amd64@1.7.1':
    optional: true

  '@foundry-rs/anvil-darwin-arm64@1.7.1':
    optional: true

  '@foundry-rs/anvil-linux-amd64@1.7.1':
    optional: true

  '@foundry-rs/anvil-linux-arm64@1.7.1':
    optional: true

  '@foundry-rs/anvil-win32-amd64@1.7.1':
    optional: true

  '@foundry-rs/anvil@1.7.1':
    optionalDependencies:
      '@foundry-rs/anvil-darwin-amd64': 1.7.1
      '@foundry-rs/anvil-darwin-arm64': 1.7.1
      '@foundry-rs/anvil-linux-amd64': 1.7.1
      '@foundry-rs/anvil-linux-arm64': 1.7.1
      '@foundry-rs/anvil-win32-amd64': 1.7.1

  fsevents@2.3.2:
    optional: true

  playwright-core@1.62.1: {}

  playwright@1.62.1:
    dependencies:
      playwright-core: 1.62.1
    optionalDependencies:
      fsevents: 2.3.2
